
Microsoft Visual Studio Solution File, Format Version 12.00
# Visual Studio Version 17
VisualStudioVersion = 17.4.33213.308
MinimumVisualStudioVersion = 10.0.40219.1
Project("{FAE04EC0-301F-11D3-BF4B-00C04F79EFBC}") = "HW05_Dupl", "HW05_Dupl\HW05_Dupl.csproj", "{FB4AAB42-9524-4923-9624-1C198DA915FA}"
EndProject
Global
	GlobalSection(SolutionConfigurationPlatforms) = preSolution
		Debug|Any CPU = Debug|Any CPU
		Release|Any CPU = Release|Any CPU
	EndGlobalSection
	GlobalSection(ProjectConfigurationPlatforms) = postSolution
		{FB4AAB42-9524-4923-9624-1C198DA915FA}.Debug|Any CPU.ActiveCfg = Debug|Any CPU
		{FB4AAB42-9524-4923-9624-1C198DA915FA}.Debug|Any CPU.Build.0 = Debug|Any CPU
		{FB4AAB42-9524-4923-9624-1C198DA915FA}.Release|Any CPU.ActiveCfg = Release|Any CPU
		{FB4AAB42-9524-4923-9624-1C198DA915FA}.Release|Any CPU.Build.0 = Release|Any CPU
	EndGlobalSection
	GlobalSection(SolutionProperties) = preSolution
		HideSolutionNode = FALSE
	EndGlobalSection
	GlobalSection(ExtensibilityGlobals) = postSolution
		SolutionGuid = {E129157C-BD44-4621-AF12-D43523737BFC}
	EndGlobalSection
EndGlobal
